
Microsoft Visual Studio Solution File, Format Version 12.00
# Visual Studio Version 16
VisualStudioVersion = 16.0.29926.136
MinimumVisualStudioVersion = 15.0.26124.0
Project("{9A19103F-16F7-4668-BE54-9A1E7A4F7556}") = "calculator", "src\calculator\calculator.csproj", "{F91CE102-F19C-4185-8D69-DD140793CA3F}"
EndProject
Project("{9A19103F-16F7-4668-BE54-9A1E7A4F7556}") = "EnternetMagazine", "src\EnternetStore\EnternetMagazine.csproj", "{3F1DA7E4-F60B-4ADE-92B2-DA3A43176B7F}"
EndProject
Project("{9A19103F-16F7-4668-BE54-9A1E7A4F7556}") = "scr", "src\HelloWorld\scr.csproj", "{59142C0B-9108-4477-8887-74E3E1DCCFE4}"
EndProject
Project("{9A19103F-16F7-4668-BE54-9A1E7A4F7556}") = "WeekOrganizer", "src\WeekOrganizer\WeekOrganizer.csproj", "{2E8CD1D4-6D88-4D6C-A7BB-6F0D5F66CF12}"
EndProject
Global
	GlobalSection(SolutionConfigurationPlatforms) = preSolution
		Debug|Any CPU = Debug|Any CPU
		Debug|x64 = Debug|x64
		Debug|x86 = Debug|x86
		Release|Any CPU = Release|Any CPU
		Release|x64 = Release|x64
		Release|x86 = Release|x86
	EndGlobalSection
	GlobalSection(ProjectConfigurationPlatforms) = postSolution
		{F91CE102-F19C-4185-8D69-DD140793CA3F}.Debug|Any CPU.ActiveCfg = Debug|Any CPU
		{F91CE102-F19C-4185-8D69-DD140793CA3F}.Debug|Any CPU.Build.0 = Debug|Any CPU
		{F91CE102-F19C-4185-8D69-DD140793CA3F}.Debug|x64.ActiveCfg = Debug|Any CPU
		{F91CE102-F19C-4185-8D69-DD140793CA3F}.Debug|x64.Build.0 = Debug|Any CPU
		{F91CE102-F19C-4185-8D69-DD140793CA3F}.Debug|x86.ActiveCfg = Debug|Any CPU
		{F91CE102-F19C-4185-8D69-DD140793CA3F}.Debug|x86.Build.0 = Debug|Any CPU
		{F91CE102-F19C-4185-8D69-DD140793CA3F}.Release|Any CPU.ActiveCfg = Release|Any CPU
		{F91CE102-F19C-4185-8D69-DD140793CA3F}.Release|Any CPU.Build.0 = Release|Any CPU
		{F91CE102-F19C-4185-8D69-DD140793CA3F}.Release|x64.ActiveCfg = Release|Any CPU
		{F91CE102-F19C-4185-8D69-DD140793CA3F}.Release|x64.Build.0 = Release|Any CPU
		{F91CE102-F19C-4185-8D69-DD140793CA3F}.Release|x86.ActiveCfg = Release|Any CPU
		{F91CE102-F19C-4185-8D69-DD140793CA3F}.Release|x86.Build.0 = Release|Any CPU
		{3F1DA7E4-F60B-4ADE-92B2-DA3A43176B7F}.Debug|Any CPU.ActiveCfg = Debug|Any CPU
		{3F1DA7E4-F60B-4ADE-92B2-DA3A43176B7F}.Debug|Any CPU.Build.0 = Debug|Any CPU
		{3F1DA7E4-F60B-4ADE-92B2-DA3A43176B7F}.Debug|x64.ActiveCfg = Debug|Any CPU
		{3F1DA7E4-F60B-4ADE-92B2-DA3A43176B7F}.Debug|x64.Build.0 = Debug|Any CPU
		{3F1DA7E4-F60B-4ADE-92B2-DA3A43176B7F}.Debug|x86.ActiveCfg = Debug|Any CPU
		{3F1DA7E4-F60B-4ADE-92B2-DA3A43176B7F}.Debug|x86.Build.0 = Debug|Any CPU
		{3F1DA7E4-F60B-4ADE-92B2-DA3A43176B7F}.Release|Any CPU.ActiveCfg = Release|Any CPU
		{3F1DA7E4-F60B-4ADE-92B2-DA3A43176B7F}.Release|Any CPU.Build.0 = Release|Any CPU
		{3F1DA7E4-F60B-4ADE-92B2-DA3A43176B7F}.Release|x64.ActiveCfg = Release|Any CPU
		{3F1DA7E4-F60B-4ADE-92B2-DA3A43176B7F}.Release|x64.Build.0 = Release|Any CPU
		{3F1DA7E4-F60B-4ADE-92B2-DA3A43176B7F}.Release|x86.ActiveCfg = Release|Any CPU
		{3F1DA7E4-F60B-4ADE-92B2-DA3A43176B7F}.Release|x86.Build.0 = Release|Any CPU
		{59142C0B-9108-4477-8887-74E3E1DCCFE4}.Debug|Any CPU.ActiveCfg = Debug|Any CPU
		{59142C0B-9108-4477-8887-74E3E1DCCFE4}.Debug|Any CPU.Build.0 = Debug|Any CPU
		{59142C0B-9108-4477-8887-74E3E1DCCFE4}.Debug|x64.ActiveCfg = Debug|Any CPU
		{59142C0B-9108-4477-8887-74E3E1DCCFE4}.Debug|x64.Build.0 = Debug|Any CPU
		{59142C0B-9108-4477-8887-74E3E1DCCFE4}.Debug|x86.ActiveCfg = Debug|Any CPU
		{59142C0B-9108-4477-8887-74E3E1DCCFE4}.Debug|x86.Build.0 = Debug|Any CPU
		{59142C0B-9108-4477-8887-74E3E1DCCFE4}.Release|Any CPU.ActiveCfg = Release|Any CPU
		{59142C0B-9108-4477-8887-74E3E1DCCFE4}.Release|Any CPU.Build.0 = Release|Any CPU
		{59142C0B-9108-4477-8887-74E3E1DCCFE4}.Release|x64.ActiveCfg = Release|Any CPU
		{59142C0B-9108-4477-8887-74E3E1DCCFE4}.Release|x64.Build.0 = Release|Any CPU
		{59142C0B-9108-4477-8887-74E3E1DCCFE4}.Release|x86.ActiveCfg = Release|Any CPU
		{59142C0B-9108-4477-8887-74E3E1DCCFE4}.Release|x86.Build.0 = Release|Any CPU
		{2E8CD1D4-6D88-4D6C-A7BB-6F0D5F66CF12}.Debug|Any CPU.ActiveCfg = Debug|Any CPU
		{2E8CD1D4-6D88-4D6C-A7BB-6F0D5F66CF12}.Debug|Any CPU.Build.0 = Debug|Any CPU
		{2E8CD1D4-6D88-4D6C-A7BB-6F0D5F66CF12}.Debug|x64.ActiveCfg = Debug|Any CPU
		{2E8CD1D4-6D88-4D6C-A7BB-6F0D5F66CF12}.Debug|x64.Build.0 = Debug|Any CPU
		{2E8CD1D4-6D88-4D6C-A7BB-6F0D5F66CF12}.Debug|x86.ActiveCfg = Debug|Any CPU
		{2E8CD1D4-6D88-4D6C-A7BB-6F0D5F66CF12}.Debug|x86.Build.0 = Debug|Any CPU
		{2E8CD1D4-6D88-4D6C-A7BB-6F0D5F66CF12}.Release|Any CPU.ActiveCfg = Release|Any CPU
		{2E8CD1D4-6D88-4D6C-A7BB-6F0D5F66CF12}.Release|Any CPU.Build.0 = Release|Any CPU
		{2E8CD1D4-6D88-4D6C-A7BB-6F0D5F66CF12}.Release|x64.ActiveCfg = Release|Any CPU
		{2E8CD1D4-6D88-4D6C-A7BB-6F0D5F66CF12}.Release|x64.Build.0 = Release|Any CPU
		{2E8CD1D4-6D88-4D6C-A7BB-6F0D5F66CF12}.Release|x86.ActiveCfg = Release|Any CPU
		{2E8CD1D4-6D88-4D6C-A7BB-6F0D5F66CF12}.Release|x86.Build.0 = Release|Any CPU
	EndGlobalSection
	GlobalSection(SolutionProperties) = preSolution
		HideSolutionNode = FALSE
	EndGlobalSection
	GlobalSection(ExtensibilityGlobals) = postSolution
		SolutionGuid = {424F5A93-EB22-4592-B193-0FB82D0F0C4C}
	EndGlobalSection
EndGlobal
