
Microsoft Visual Studio Solution File, Format Version 12.00
# Visual Studio Version 16
VisualStudioVersion = 16.0.30002.166
MinimumVisualStudioVersion = 10.0.40219.1
Project("{9A19103F-16F7-4668-BE54-9A1E7A4F7556}") = "SimpleATM", "src\SImpleATM\SimpleATM.csproj", "{839BA46B-2377-4716-9722-93CEE14B6C38}"
EndProject
Project("{9A19103F-16F7-4668-BE54-9A1E7A4F7556}") = "WeekOrganizer", "src\WeekOrganizer\WeekOrganizer.csproj", "{8DB8C782-D114-4FEC-8EFC-4F5C6ABA43E2}"
EndProject
Project("{9A19103F-16F7-4668-BE54-9A1E7A4F7556}") = "CalculatorApp", "src\calculator\CalculatorApp.csproj", "{514F82D3-739F-4472-83E5-557561B251E5}"
EndProject
Project("{9A19103F-16F7-4668-BE54-9A1E7A4F7556}") = "Task", "src\HelloWorld\Task.csproj", "{6AC9C725-A92A-46DB-BA47-D5F33D23E84A}"
EndProject
Project("{9A19103F-16F7-4668-BE54-9A1E7A4F7556}") = "EmailApp", "src\EmailApp\EmailApp\EmailApp.csproj", "{2D10FFF7-883E-4453-A513-632CFA01F060}"
EndProject
Project("{9A19103F-16F7-4668-BE54-9A1E7A4F7556}") = "EmailApp.BL", "src\EmailApp\EmailApp.BL\EmailApp.BL.csproj", "{EA13DCBE-B709-4568-85BB-6E73CD92ACED}"
EndProject
Project("{9A19103F-16F7-4668-BE54-9A1E7A4F7556}") = "EmailApp.BL.Tests", "tests\EmailApp.BL.Tests\EmailApp.BL.Tests.csproj", "{7DBDE811-6275-4AA5-8338-0AC4A598884E}"
EndProject
Project("{2150E333-8FDC-42A3-9474-1A3956D46DE8}") = "src", "src", "{DE88A58D-5456-4803-9178-BB6AD8A477AF}"
EndProject
Project("{2150E333-8FDC-42A3-9474-1A3956D46DE8}") = "tests", "tests", "{2165D771-DB6E-47C5-8F2A-1B67585CA310}"
EndProject
Project("{2150E333-8FDC-42A3-9474-1A3956D46DE8}") = "EmailApp", "EmailApp", "{2828F646-7C76-40E3-80B4-557B0F88762C}"
EndProject
Project("{2150E333-8FDC-42A3-9474-1A3956D46DE8}") = "Email", "Email", "{3799C07D-AA6C-45BB-BDA7-1503ED15CC41}"
EndProject
Project("{2150E333-8FDC-42A3-9474-1A3956D46DE8}") = "Calculator", "Calculator", "{036700BA-280B-4E0A-8FFD-26D3CF8A0093}"
EndProject
Project("{9A19103F-16F7-4668-BE54-9A1E7A4F7556}") = "Calculator.Tests", "Calculator.Tests\Calculator.Tests.csproj", "{25D099B9-8EC9-4693-928A-3B2DBC5E09AE}"
EndProject
Project("{2150E333-8FDC-42A3-9474-1A3956D46DE8}") = "Drawing", "Drawing", "{A1EF12A1-584D-47EA-BD84-3344645A0BF0}"
EndProject
Project("{FAE04EC0-301F-11D3-BF4B-00C04F79EFBC}") = "AsciiDrawingFromImage", "src\Drawing\AsciiDrawingFromImage\AsciiDrawingFromImage.csproj", "{71E0A31F-4F13-4428-A4FD-CC3B3582460E}"
EndProject
Global
	GlobalSection(SolutionConfigurationPlatforms) = preSolution
		Debug|Any CPU = Debug|Any CPU
		Release|Any CPU = Release|Any CPU
	EndGlobalSection
	GlobalSection(ProjectConfigurationPlatforms) = postSolution
		{839BA46B-2377-4716-9722-93CEE14B6C38}.Debug|Any CPU.ActiveCfg = Debug|Any CPU
		{839BA46B-2377-4716-9722-93CEE14B6C38}.Debug|Any CPU.Build.0 = Debug|Any CPU
		{839BA46B-2377-4716-9722-93CEE14B6C38}.Release|Any CPU.ActiveCfg = Release|Any CPU
		{839BA46B-2377-4716-9722-93CEE14B6C38}.Release|Any CPU.Build.0 = Release|Any CPU
		{8DB8C782-D114-4FEC-8EFC-4F5C6ABA43E2}.Debug|Any CPU.ActiveCfg = Debug|Any CPU
		{8DB8C782-D114-4FEC-8EFC-4F5C6ABA43E2}.Debug|Any CPU.Build.0 = Debug|Any CPU
		{8DB8C782-D114-4FEC-8EFC-4F5C6ABA43E2}.Release|Any CPU.ActiveCfg = Release|Any CPU
		{8DB8C782-D114-4FEC-8EFC-4F5C6ABA43E2}.Release|Any CPU.Build.0 = Release|Any CPU
		{514F82D3-739F-4472-83E5-557561B251E5}.Debug|Any CPU.ActiveCfg = Debug|Any CPU
		{514F82D3-739F-4472-83E5-557561B251E5}.Debug|Any CPU.Build.0 = Debug|Any CPU
		{514F82D3-739F-4472-83E5-557561B251E5}.Release|Any CPU.ActiveCfg = Release|Any CPU
		{514F82D3-739F-4472-83E5-557561B251E5}.Release|Any CPU.Build.0 = Release|Any CPU
		{6AC9C725-A92A-46DB-BA47-D5F33D23E84A}.Debug|Any CPU.ActiveCfg = Debug|Any CPU
		{6AC9C725-A92A-46DB-BA47-D5F33D23E84A}.Debug|Any CPU.Build.0 = Debug|Any CPU
		{6AC9C725-A92A-46DB-BA47-D5F33D23E84A}.Release|Any CPU.ActiveCfg = Release|Any CPU
		{6AC9C725-A92A-46DB-BA47-D5F33D23E84A}.Release|Any CPU.Build.0 = Release|Any CPU
		{2D10FFF7-883E-4453-A513-632CFA01F060}.Debug|Any CPU.ActiveCfg = Debug|Any CPU
		{2D10FFF7-883E-4453-A513-632CFA01F060}.Debug|Any CPU.Build.0 = Debug|Any CPU
		{2D10FFF7-883E-4453-A513-632CFA01F060}.Release|Any CPU.ActiveCfg = Release|Any CPU
		{2D10FFF7-883E-4453-A513-632CFA01F060}.Release|Any CPU.Build.0 = Release|Any CPU
		{EA13DCBE-B709-4568-85BB-6E73CD92ACED}.Debug|Any CPU.ActiveCfg = Debug|Any CPU
		{EA13DCBE-B709-4568-85BB-6E73CD92ACED}.Debug|Any CPU.Build.0 = Debug|Any CPU
		{EA13DCBE-B709-4568-85BB-6E73CD92ACED}.Release|Any CPU.ActiveCfg = Release|Any CPU
		{EA13DCBE-B709-4568-85BB-6E73CD92ACED}.Release|Any CPU.Build.0 = Release|Any CPU
		{7DBDE811-6275-4AA5-8338-0AC4A598884E}.Debug|Any CPU.ActiveCfg = Debug|Any CPU
		{7DBDE811-6275-4AA5-8338-0AC4A598884E}.Debug|Any CPU.Build.0 = Debug|Any CPU
		{7DBDE811-6275-4AA5-8338-0AC4A598884E}.Release|Any CPU.ActiveCfg = Release|Any CPU
		{7DBDE811-6275-4AA5-8338-0AC4A598884E}.Release|Any CPU.Build.0 = Release|Any CPU
		{25D099B9-8EC9-4693-928A-3B2DBC5E09AE}.Debug|Any CPU.ActiveCfg = Debug|Any CPU
		{25D099B9-8EC9-4693-928A-3B2DBC5E09AE}.Debug|Any CPU.Build.0 = Debug|Any CPU
		{25D099B9-8EC9-4693-928A-3B2DBC5E09AE}.Release|Any CPU.ActiveCfg = Release|Any CPU
		{25D099B9-8EC9-4693-928A-3B2DBC5E09AE}.Release|Any CPU.Build.0 = Release|Any CPU
		{71E0A31F-4F13-4428-A4FD-CC3B3582460E}.Debug|Any CPU.ActiveCfg = Debug|Any CPU
		{71E0A31F-4F13-4428-A4FD-CC3B3582460E}.Debug|Any CPU.Build.0 = Debug|Any CPU
		{71E0A31F-4F13-4428-A4FD-CC3B3582460E}.Release|Any CPU.ActiveCfg = Release|Any CPU
		{71E0A31F-4F13-4428-A4FD-CC3B3582460E}.Release|Any CPU.Build.0 = Release|Any CPU
	EndGlobalSection
	GlobalSection(SolutionProperties) = preSolution
		HideSolutionNode = FALSE
	EndGlobalSection
	GlobalSection(NestedProjects) = preSolution
		{839BA46B-2377-4716-9722-93CEE14B6C38} = {DE88A58D-5456-4803-9178-BB6AD8A477AF}
		{8DB8C782-D114-4FEC-8EFC-4F5C6ABA43E2} = {DE88A58D-5456-4803-9178-BB6AD8A477AF}
		{514F82D3-739F-4472-83E5-557561B251E5} = {DE88A58D-5456-4803-9178-BB6AD8A477AF}
		{6AC9C725-A92A-46DB-BA47-D5F33D23E84A} = {DE88A58D-5456-4803-9178-BB6AD8A477AF}
		{2D10FFF7-883E-4453-A513-632CFA01F060} = {3799C07D-AA6C-45BB-BDA7-1503ED15CC41}
		{EA13DCBE-B709-4568-85BB-6E73CD92ACED} = {3799C07D-AA6C-45BB-BDA7-1503ED15CC41}
		{7DBDE811-6275-4AA5-8338-0AC4A598884E} = {2828F646-7C76-40E3-80B4-557B0F88762C}
		{2828F646-7C76-40E3-80B4-557B0F88762C} = {2165D771-DB6E-47C5-8F2A-1B67585CA310}
		{3799C07D-AA6C-45BB-BDA7-1503ED15CC41} = {DE88A58D-5456-4803-9178-BB6AD8A477AF}
		{036700BA-280B-4E0A-8FFD-26D3CF8A0093} = {2165D771-DB6E-47C5-8F2A-1B67585CA310}
		{25D099B9-8EC9-4693-928A-3B2DBC5E09AE} = {036700BA-280B-4E0A-8FFD-26D3CF8A0093}
		{A1EF12A1-584D-47EA-BD84-3344645A0BF0} = {DE88A58D-5456-4803-9178-BB6AD8A477AF}
		{71E0A31F-4F13-4428-A4FD-CC3B3582460E} = {A1EF12A1-584D-47EA-BD84-3344645A0BF0}
	EndGlobalSection
	GlobalSection(ExtensibilityGlobals) = postSolution
		SolutionGuid = {737E74FA-ED13-49AD-8A22-E955A0C62EDE}
	EndGlobalSection
EndGlobal
